{
  "name": "Secrets",
  "version": "1.0.0",
  "lockfileVersion": 1,
  "requires": true,
  "dependencies": {
    "async": {
      "version": "2.6.3",
      "resolved": "https://registry.npmjs.org/async/-/async-2.6.3.tgz",
      "integrity": "sha512-zflvls11DCy+dQWzTW2dzuilv8Z5X/pjfmZOWba6TNIVDm+2UDaJmXSOXlasHKfNBs8oo3M0aT50fDEWfKZjXg==",
      "requires": {
        "lodash": "^4.17.14"
      }
    },
    "buffer-equal-constant-time": {
      "version": "1.0.1",
      "resolved": "https://registry.npmjs.org/buffer-equal-constant-time/-/buffer-equal-constant-time-1.0.1.tgz",
      "integrity": "sha1-+OcRMvf/5uAaXJaXpMbz5I1cyBk="
    },
    "dotenv": {
      "version": "8.2.0",
      "resolved": "https://registry.npmjs.org/dotenv/-/dotenv-8.2.0.tgz",
      "integrity": "sha512-8sJ78ElpbDJBHNeBzUbUVLsqKdccaa/BXF1uPTw3GrvQTBgrQrtObr2mUrE38vzYd8cEv+m/JBfDLioYcfXoaw=="
    },
    "dotty": {
      "version": "0.1.0",
      "resolved": "https://registry.npmjs.org/dotty/-/dotty-0.1.0.tgz",
      "integrity": "sha512-VJzcXJZEckXowvj6yGJC2JH66DLEEm1d1QOB0hik1EvlbUpULvcYt411JeFuy8rNC96FG8V2N7pMkyjvK8LYwQ=="
    },
    "json-stable-stringify": {
      "version": "1.0.1",
      "resolved": "https://registry.npmjs.org/json-stable-stringify/-/json-stable-stringify-1.0.1.tgz",
      "integrity": "sha1-mnWdOcXy/1A/1TAGRu1EX4jE+a8=",
      "requires": {
        "jsonify": "~0.0.0"
      }
    },
    "jsonify": {
      "version": "0.0.0",
      "resolved": "https://registry.npmjs.org/jsonify/-/jsonify-0.0.0.tgz",
      "integrity": "sha1-LHS27kHZPKUbe1qu6PUDYx0lKnM="
    },
    "lodash": {
      "version": "4.17.20",
      "resolved": "https://registry.npmjs.org/lodash/-/lodash-4.17.20.tgz",
      "integrity": "sha512-PlhdFcillOINfeV7Ni6oF1TAEayyZBoZ8bcshTHqOYJYlrqzRK5hagpagky5o4HfCzzd1TRkXPMFq6cKk9rGmA=="
    },
    "mongoose-encryption": {
      "version": "2.0.2",
      "resolved": "https://registry.npmjs.org/mongoose-encryption/-/mongoose-encryption-2.0.2.tgz",
      "integrity": "sha512-zh9jbUZgrFnYl880zPZ+JA+sWQFgbtgkQJ0LASWiEnjDQ1CpMdPXIk20xprl61TYr1RQU16NKv4w7OxyI/l12g==",
      "requires": {
        "async": "^2.6.1",
        "buffer-equal-constant-time": "^1.0.1",
        "dotty": "~0.1.0",
        "json-stable-stringify": "^1.0.0",
        "mpath": "^0.5.1",
        "semver": "^5.5.0",
        "underscore": "^1.5.0"
      }
    },
    "mpath": {
      "version": "0.5.2",
      "resolved": "https://registry.npmjs.org/mpath/-/mpath-0.5.2.tgz",
      "integrity": "sha512-NOeCoW6AYc3hLi30npe7uzbD9b4FQZKH40YKABUCCvaKKL5agj6YzvHoNx8jQpDMNPgIa5bvSZQbQpWBAVD0Kw=="
    },
    "semver": {
      "version": "5.7.1",
      "resolved": "https://registry.npmjs.org/semver/-/semver-5.7.1.tgz",
      "integrity": "sha512-sauaDf/PZdVgrLTNYHRtpXa1iRiKcaebiKQ1BJdpQlWH2lCvexQdX55snPFyK7QzpudqbCI0qXFfOasHdyNDGQ=="
    },
    "underscore": {
      "version": "1.11.0",
      "resolved": "https://registry.npmjs.org/underscore/-/underscore-1.11.0.tgz",
      "integrity": "sha512-xY96SsN3NA461qIRKZ/+qox37YXPtSBswMGfiNptr+wrt6ds4HaMw23TP612fEyGekRE6LNRiLYr/aqbHXNedw=="
    }
  }
}
